
Microsoft Visual Studio Solution File, Format Version 12.00
# Visual Studio 15
VisualStudioVersion = 15.0.27004.2005
MinimumVisualStudioVersion = 10.0.40219.1
Project("{FAE04EC0-301F-11D3-BF4B-00C04F79EFBC}") = "StrengthReport", "StrengthReport\StrengthReport.csproj", "{D13B693B-8CD0-4596-A31D-287B511608AB}"
EndProject
Project("{FAE04EC0-301F-11D3-BF4B-00C04F79EFBC}") = "SReport_Utility", "SReport_Utility\SReport_Utility.csproj", "{E16D3158-2235-416C-B024-E4A894F602D4}"
EndProject
Project("{FAE04EC0-301F-11D3-BF4B-00C04F79EFBC}") = "DbReader", "DbReader\DbReader.csproj", "{CDCB6618-5040-4DF7-9692-E640620E1AD2}"
EndProject
Global
	GlobalSection(SolutionConfigurationPlatforms) = preSolution
		Debug|Any CPU = Debug|Any CPU
		Release|Any CPU = Release|Any CPU
	EndGlobalSection
	GlobalSection(ProjectConfigurationPlatforms) = postSolution
		{D13B693B-8CD0-4596-A31D-287B511608AB}.Debug|Any CPU.ActiveCfg = Debug|Any CPU
		{D13B693B-8CD0-4596-A31D-287B511608AB}.Debug|Any CPU.Build.0 = Debug|Any CPU
		{D13B693B-8CD0-4596-A31D-287B511608AB}.Release|Any CPU.ActiveCfg = Release|Any CPU
		{D13B693B-8CD0-4596-A31D-287B511608AB}.Release|Any CPU.Build.0 = Release|Any CPU
		{E16D3158-2235-416C-B024-E4A894F602D4}.Debug|Any CPU.ActiveCfg = Debug|Any CPU
		{E16D3158-2235-416C-B024-E4A894F602D4}.Debug|Any CPU.Build.0 = Debug|Any CPU
		{E16D3158-2235-416C-B024-E4A894F602D4}.Release|Any CPU.ActiveCfg = Release|Any CPU
		{E16D3158-2235-416C-B024-E4A894F602D4}.Release|Any CPU.Build.0 = Release|Any CPU
		{CDCB6618-5040-4DF7-9692-E640620E1AD2}.Debug|Any CPU.ActiveCfg = Debug|Any CPU
		{CDCB6618-5040-4DF7-9692-E640620E1AD2}.Debug|Any CPU.Build.0 = Debug|Any CPU
		{CDCB6618-5040-4DF7-9692-E640620E1AD2}.Release|Any CPU.ActiveCfg = Release|Any CPU
		{CDCB6618-5040-4DF7-9692-E640620E1AD2}.Release|Any CPU.Build.0 = Release|Any CPU
	EndGlobalSection
	GlobalSection(SolutionProperties) = preSolution
		HideSolutionNode = FALSE
	EndGlobalSection
	GlobalSection(ExtensibilityGlobals) = postSolution
		SolutionGuid = {4154996F-3CA2-4AAA-8530-0798E88175C9}
	EndGlobalSection
EndGlobal
